// !$*UTF8*$!
{
	archiveVersion = 1;
	classes = {
	};
	objectVersion = 56;
	objects = {

/* Begin PBXBuildFile section */
		1A83CF882A6ABF52002BDADB /* AppDelegate.swift in Sources */ = {isa = PBXBuildFile; fileRef = 1A83CF872A6ABF52002BDADB /* AppDelegate.swift */; };
		1A83CF8A2A6ABF52002BDADB /* SceneDelegate.swift in Sources */ = {isa = PBXBuildFile; fileRef = 1A83CF892A6ABF52002BDADB /* SceneDelegate.swift */; };
		1A83CF8C2A6ABF52002BDADB /* ViewController.swift in Sources */ = {isa = PBXBuildFile; fileRef = 1A83CF8B2A6ABF52002BDADB /* ViewController.swift */; };
		1A83CF8F2A6ABF52002BDADB /* Main.storyboard in Resources */ = {isa = PBXBuildFile; fileRef = 1A83CF8D2A6ABF52002BDADB /* Main.storyboard */; };
		1A83CF912A6ABF54002BDADB /* Assets.xcassets in Resources */ = {isa = PBXBuildFile; fileRef = 1A83CF902A6ABF54002BDADB /* Assets.xcassets */; };
		1A83CF942A6ABF54002BDADB /* LaunchScreen.storyboard in Resources */ = {isa = PBXBuildFile; fileRef = 1A83CF922A6ABF54002BDADB /* LaunchScreen.storyboard */; };
		1A9F9AB32A6AD5880055A459 /* AddEditItemViewController.swift in Sources */ = {isa = PBXBuildFile; fileRef = 1A9F9AB22A6AD5880055A459 /* AddEditItemViewController.swift */; };
/* End PBXBuildFile section */

/* Begin PBXFileReference section */
		1A83CF842A6ABF52002BDADB /* MomoKatsu_Kadai-19.app */ = {isa = PBXFileReference; explicitFileType = wrapper.application; includeInIndex = 0; path = "MomoKatsu_Kadai-19.app"; sourceTree = BUILT_PRODUCTS_DIR; };
		1A83CF872A6ABF52002BDADB /* AppDelegate.swift */ = {isa = PBXFileReference; lastKnownFileType = sourcecode.swift; path = AppDelegate.swift; sourceTree = "<group>"; };
		1A83CF892A6ABF52002BDADB /* SceneDelegate.swift */ = {isa = PBXFileReference; lastKnownFileType = sourcecode.swift; path = SceneDelegate.swift; sourceTree = "<group>"; };
		1A83CF8B2A6ABF52002BDADB /* ViewController.swift */ = {isa = PBXFileReference; lastKnownFileType = sourcecode.swift; path = ViewController.swift; sourceTree = "<group>"; };
		1A83CF8E2A6ABF52002BDADB /* Base */ = {isa = PBXFileReference; lastKnownFileType = file.storyboard; name = Base; path = Base.lproj/Main.storyboard; sourceTree = "<group>"; };
		1A83CF902A6ABF54002BDADB /* Assets.xcassets */ = {isa = PBXFileReference; lastKnownFileType = folder.assetcatalog; path = Assets.xcassets; sourceTree = "<group>"; };
		1A83CF932A6ABF54002BDADB /* Base */ = {isa = PBXFileReference; lastKnownFileType = file.storyboard; name = Base; path = Base.lproj/LaunchScreen.storyboard; sourceTree = "<group>"; };
		1A83CF952A6ABF54002BDADB /* Info.plist */ = {isa = PBXFileReference; lastKnownFileType = text.plist.xml; path = Info.plist; sourceTree = "<group>"; };
		1A9F9AB22A6AD5880055A459 /* AddEditItemViewController.swift */ = {isa = PBXFileReference; lastKnownFileType = sourcecode.swift; path = AddEditItemViewController.swift; sourceTree = "<group>"; };
/* End PBXFileReference section */

/* Begin PBXFrameworksBuildPhase section */
		1A83CF812A6ABF52002BDADB /* Frameworks */ = {
			isa = PBXFrameworksBuildPhase;
			buildActionMask = 2147483647;
			files = (
			);
			runOnlyForDeploymentPostprocessing = 0;
		};
/* End PBXFrameworksBuildPhase section */

/* Begin PBXGroup section */
		1A83CF7B2A6ABF52002BDADB = {
			isa = PBXGroup;
			children = (
				1A83CF862A6ABF52002BDADB /* MomoKatsu_Kadai-19 */,
				1A83CF852A6ABF52002BDADB /* Products */,
			);
			sourceTree = "<group>";
		};
		1A83CF852A6ABF52002BDADB /* Products */ = {
			isa = PBXGroup;
			children = (
				1A83CF842A6ABF52002BDADB /* MomoKatsu_Kadai-19.app */,
			);
			name = Products;
			sourceTree = "<group>";
		};
		1A83CF862A6ABF52002BDADB /* MomoKatsu_Kadai-19 */ = {
			isa = PBXGroup;
			children = (
				1A83CF872A6ABF52002BDADB /* AppDelegate.swift */,
				1A83CF892A6ABF52002BDADB /* SceneDelegate.swift */,
				1A83CF8B2A6ABF52002BDADB /* ViewController.swift */,
				1A9F9AB22A6AD5880055A459 /* AddEditItemViewController.swift */,
				1A83CF8D2A6ABF52002BDADB /* Main.storyboard */,
				1A83CF902A6ABF54002BDADB /* Assets.xcassets */,
				1A83CF922A6ABF54002BDADB /* LaunchScreen.storyboard */,
				1A83CF952A6ABF54002BDADB /* Info.plist */,
			);
			path = "MomoKatsu_Kadai-19";
			sourceTree = "<group>";
		};
/* End PBXGroup section */

/* Begin PBXNativeTarget section */
		1A83CF832A6ABF52002BDADB /* MomoKatsu_Kadai-19 */ = {
			isa = PBXNativeTarget;
			buildConfigurationList = 1A83CF982A6ABF54002BDADB /* Build configuration list for PBXNativeTarget "MomoKatsu_Kadai-19" */;
			buildPhases = (
				1A83CF802A6ABF52002BDADB /* Sources */,
				1A83CF812A6ABF52002BDADB /* Frameworks */,
				1A83CF822A6ABF52002BDADB /* Resources */,
			);
			buildRules = (
			);
			dependencies = (
			);
			name = "MomoKatsu_Kadai-19";
			productName = "MomoKatsu_Kadai-16";
			productReference = 1A83CF842A6ABF52002BDADB /* MomoKatsu_Kadai-19.app */;
			productType = "com.apple.product-type.application";
		};
/* End PBXNativeTarget section */

/* Begin PBXProject section */
		1A83CF7C2A6ABF52002BDADB /* Project object */ = {
			isa = PBXProject;
			attributes = {
				BuildIndependentTargetsInParallel = 1;
				LastSwiftUpdateCheck = 1430;
				LastUpgradeCheck = 1430;
				TargetAttributes = {
					1A83CF832A6ABF52002BDADB = {
						CreatedOnToolsVersion = 14.3.1;
					};
				};
			};
			buildConfigurationList = 1A83CF7F2A6ABF52002BDADB /* Build configuration list for PBXProject "MomoKatsu_Kadai-19" */;
			compatibilityVersion = "Xcode 14.0";
			developmentRegion = en;
			hasScannedForEncodings = 0;
			knownRegions = (
				en,
				Base,
			);
			mainGroup = 1A83CF7B2A6ABF52002BDADB;
			productRefGroup = 1A83CF852A6ABF52002BDADB /* Products */;
			projectDirPath = "";
			projectRoot = "";
			targets = (
				1A83CF832A6ABF52002BDADB /* MomoKatsu_Kadai-19 */,
			);
		};
/* End PBXProject section */

/* Begin PBXResourcesBuildPhase section */
		1A83CF822A6ABF52002BDADB /* Resources */ = {
			isa = PBXResourcesBuildPhase;
			buildActionMask = 2147483647;
			files = (
				1A83CF942A6ABF54002BDADB /* LaunchScreen.storyboard in Resources */,
				1A83CF912A6ABF54002BDADB /* Assets.xcassets in Resources */,
				1A83CF8F2A6ABF52002BDADB /* Main.storyboard in Resources */,
			);
			runOnlyForDeploymentPostprocessing = 0;
		};
/* End PBXResourcesBuildPhase section */

/* Begin PBXSourcesBuildPhase section */
		1A83CF802A6ABF52002BDADB /* Sources */ = {
			isa = PBXSourcesBuildPhase;
			buildActionMask = 2147483647;
			files = (
				1A83CF8C2A6ABF52002BDADB /* ViewController.swift in Sources */,
				1A83CF882A6ABF52002BDADB /* AppDelegate.swift in Sources */,
				1A83CF8A2A6ABF52002BDADB /* SceneDelegate.swift in Sources */,
				1A9F9AB32A6AD5880055A459 /* AddEditItemViewController.swift in Sources */,
			);
			runOnlyForDeploymentPostprocessing = 0;
		};
/* End PBXSourcesBuildPhase section */

/* Begin PBXVariantGroup section */
		1A83CF8D2A6ABF52002BDADB /* Main.storyboard */ = {
			isa = PBXVariantGroup;
			children = (
				1A83CF8E2A6ABF52002BDADB /* Base */,
			);
			name = Main.storyboard;
			sourceTree = "<group>";
		};
		1A83CF922A6ABF54002BDADB /* LaunchScreen.storyboard */ = {
			isa = PBXVariantGroup;
			children = (
				1A83CF932A6ABF54002BDADB /* Base */,
			);
			name = LaunchScreen.storyboard;
			sourceTree = "<group>";
		};
/* End PBXVariantGroup section */

/* Begin XCBuildConfiguration section */
		1A83CF962A6ABF54002BDADB /* Debug */ = {
			isa = XCBuildConfiguration;
			buildSettings = {
				ALWAYS_SEARCH_USER_PATHS = NO;
				CLANG_ANALYZER_NONNULL = YES;
				CLANG_ANALYZER_NUMBER_OBJECT_CONVERSION = YES_AGGRESSIVE;
				CLANG_CXX_LANGUAGE_STANDARD = "gnu++20";
				CLANG_ENABLE_MODULES = YES;
				CLANG_ENABLE_OBJC_ARC = YES;
				CLANG_ENABLE_OBJC_WEAK = YES;
				CLANG_WARN_BLOCK_CAPTURE_AUTORELEASING = YES;
				CLANG_WARN_BOOL_CONVERSION = YES;
				CLANG_WARN_COMMA = YES;
				CLANG_WARN_CONSTANT_CONVERSION = YES;
				CLANG_WARN_DEPRECATED_OBJC_IMPLEMENTATIONS = YES;
				CLANG_WARN_DIRECT_OBJC_ISA_USAGE = YES_ERROR;
				CLANG_WARN_DOCUMENTATION_COMMENTS = YES;
				CLANG_WARN_EMPTY_BODY = YES;
				CLANG_WARN_ENUM_CONVERSION = YES;
				CLANG_WARN_INFINITE_RECURSION = YES;
				CLANG_WARN_INT_CONVERSION = YES;
				CLANG_WARN_NON_LITERAL_NULL_CONVERSION = YES;
				CLANG_WARN_OBJC_IMPLICIT_RETAIN_SELF = YES;
				CLANG_WARN_OBJC_LITERAL_CONVERSION = YES;
				CLANG_WARN_OBJC_ROOT_CLASS = YES_ERROR;
				CLANG_WARN_QUOTED_INCLUDE_IN_FRAMEWORK_HEADER = YES;
				CLANG_WARN_RANGE_LOOP_ANALYSIS = YES;
				CLANG_WARN_STRICT_PROTOTYPES = YES;
				CLANG_WARN_SUSPICIOUS_MOVE = YES;
				CLANG_WARN_UNGUARDED_AVAILABILITY = YES_AGGRESSIVE;
				CLANG_WARN_UNREACHABLE_CODE = YES;
				CLANG_WARN__DUPLICATE_METHOD_MATCH = YES;
				COPY_PHASE_STRIP = NO;
				DEBUG_INFORMATION_FORMAT = dwarf;
				ENABLE_STRICT_OBJC_MSGSEND = YES;
				ENABLE_TESTABILITY = YES;
				GCC_C_LANGUAGE_STANDARD = gnu11;
				GCC_DYNAMIC_NO_PIC = NO;
				GCC_NO_COMMON_BLOCKS = YES;
				GCC_OPTIMIZATION_LEVEL = 0;
				GCC_PREPROCESSOR_DEFINITIONS = (
					"DEBUG=1",
					"$(inherited)",
				);
				GCC_WARN_64_TO_32_BIT_CONVERSION = YES;
				GCC_WARN_ABOUT_RETURN_TYPE = YES_ERROR;
				GCC_WARN_UNDECLARED_SELECTOR = YES;
				GCC_WARN_UNINITIALIZED_AUTOS = YES_AGGRESSIVE;
				GCC_WARN_UNUSED_FUNCTION = YES;
				GCC_WARN_UNUSED_VARIABLE = YES;
				IPHONEOS_DEPLOYMENT_TARGET = 16.4;
				MTL_ENABLE_DEBUG_INFO = INCLUDE_SOURCE;
				MTL_FAST_MATH = YES;
				ONLY_ACTIVE_ARCH = YES;
				SDKROOT = iphoneos;
				SWIFT_ACTIVE_COMPILATION_CONDITIONS = DEBUG;
				SWIFT_OPTIMIZATION_LEVEL = "-Onone";
			};
			name = Debug;
		};
		1A83CF972A6ABF54002BDADB /* Release */ = {
			isa = XCBuildConfiguration;
			buildSettings = {
				ALWAYS_SEARCH_USER_PATHS = NO;
				CLANG_ANALYZER_NONNULL = YES;
				CLANG_ANALYZER_NUMBER_OBJECT_CONVERSION = YES_AGGRESSIVE;
				CLANG_CXX_LANGUAGE_STANDARD = "gnu++20";
				CLANG_ENABLE_MODULES = YES;
				CLANG_ENABLE_OBJC_ARC = YES;
				CLANG_ENABLE_OBJC_WEAK = YES;
				CLANG_WARN_BLOCK_CAPTURE_AUTORELEASING = YES;
				CLANG_WARN_BOOL_CONVERSION = YES;
				CLANG_WARN_COMMA = YES;
				CLANG_WARN_CONSTANT_CONVERSION = YES;
				CLANG_WARN_DEPRECATED_OBJC_IMPLEMENTATIONS = YES;
				CLANG_WARN_DIRECT_OBJC_ISA_USAGE = YES_ERROR;
				CLANG_WARN_DOCUMENTATION_COMMENTS = YES;
				CLANG_WARN_EMPTY_BODY = YES;
				CLANG_WARN_ENUM_CONVERSION = YES;
				CLANG_WARN_INFINITE_RECURSION = YES;
				CLANG_WARN_INT_CONVERSION = YES;
				CLANG_WARN_NON_LITERAL_NULL_CONVERSION = YES;
				CLANG_WARN_OBJC_IMPLICIT_RETAIN_SELF = YES;
				CLANG_WARN_OBJC_LITERAL_CONVERSION = YES;
				CLANG_WARN_OBJC_ROOT_CLASS = YES_ERROR;
				CLANG_WARN_QUOTED_INCLUDE_IN_FRAMEWORK_HEADER = YES;
				CLANG_WARN_RANGE_LOOP_ANALYSIS = YES;
				CLANG_WARN_STRICT_PROTOTYPES = YES;
				CLANG_WARN_SUSPICIOUS_MOVE = YES;
				CLANG_WARN_UNGUARDED_AVAILABILITY = YES_AGGRESSIVE;
				CLANG_WARN_UNREACHABLE_CODE = YES;
				CLANG_WARN__DUPLICATE_METHOD_MATCH = YES;
				COPY_PHASE_STRIP = NO;
				DEBUG_INFORMATION_FORMAT = "dwarf-with-dsym";
				ENABLE_NS_ASSERTIONS = NO;
				ENABLE_STRICT_OBJC_MSGSEND = YES;
				GCC_C_LANGUAGE_STANDARD = gnu11;
				GCC_NO_COMMON_BLOCKS = YES;
				GCC_WARN_64_TO_32_BIT_CONVERSION = YES;
				GCC_WARN_ABOUT_RETURN_TYPE = YES_ERROR;
				GCC_WARN_UNDECLARED_SELECTOR = YES;
				GCC_WARN_UNINITIALIZED_AUTOS = YES_AGGRESSIVE;
				GCC_WARN_UNUSED_FUNCTION = YES;
				GCC_WARN_UNUSED_VARIABLE = YES;
				IPHONEOS_DEPLOYMENT_TARGET = 16.4;
				MTL_ENABLE_DEBUG_INFO = NO;
				MTL_FAST_MATH = YES;
				SDKROOT = iphoneos;
				SWIFT_COMPILATION_MODE = wholemodule;
				SWIFT_OPTIMIZATION_LEVEL = "-O";
				VALIDATE_PRODUCT = YES;
			};
			name = Release;
		};
		1A83CF992A6ABF54002BDADB /* Debug */ = {
			isa = XCBuildConfiguration;
			buildSettings = {
				ASSETCATALOG_COMPILER_APPICON_NAME = AppIcon;
				ASSETCATALOG_COMPILER_GLOBAL_ACCENT_COLOR_NAME = AccentColor;
				CODE_SIGN_STYLE = Automatic;
				CURRENT_PROJECT_VERSION = 1;
				GENERATE_INFOPLIST_FILE = YES;
				INFOPLIST_FILE = "MomoKatsu_Kadai-19/Info.plist";
				INFOPLIST_KEY_UIApplicationSupportsIndirectInputEvents = YES;
				INFOPLIST_KEY_UILaunchStoryboardName = LaunchScreen;
				INFOPLIST_KEY_UIMainStoryboardFile = Main;
				INFOPLIST_KEY_UISupportedInterfaceOrientations_iPad = "UIInterfaceOrientationPortrait UIInterfaceOrientationPortraitUpsideDown UIInterfaceOrientationLandscapeLeft UIInterfaceOrientationLandscapeRight";
				INFOPLIST_KEY_UISupportedInterfaceOrientations_iPhone = "UIInterfaceOrientationPortrait UIInterfaceOrientationLandscapeLeft UIInterfaceOrientationLandscapeRight";
				LD_RUNPATH_SEARCH_PATHS = (
					"$(inherited)",
					"@executable_path/Frameworks",
				);
				MARKETING_VERSION = 1.0;
				PRODUCT_BUNDLE_IDENTIFIER = "com.MoriKatsu.Kadai.MomoKatsu-Kadai-19";
				PRODUCT_NAME = "$(TARGET_NAME)";
				SWIFT_EMIT_LOC_STRINGS = YES;
				SWIFT_VERSION = 5.0;
				TARGETED_DEVICE_FAMILY = "1,2";
			};
			name = Debug;
		};
		1A83CF9A2A6ABF54002BDADB /* Release */ = {
			isa = XCBuildConfiguration;
			buildSettings = {
				ASSETCATALOG_COMPILER_APPICON_NAME = AppIcon;
				ASSETCATALOG_COMPILER_GLOBAL_ACCENT_COLOR_NAME = AccentColor;
				CODE_SIGN_STYLE = Automatic;
				CURRENT_PROJECT_VERSION = 1;
				GENERATE_INFOPLIST_FILE = YES;
				INFOPLIST_FILE = "MomoKatsu_Kadai-19/Info.plist";
				INFOPLIST_KEY_UIApplicationSupportsIndirectInputEvents = YES;
				INFOPLIST_KEY_UILaunchStoryboardName = LaunchScreen;
				INFOPLIST_KEY_UIMainStoryboardFile = Main;
				INFOPLIST_KEY_UISupportedInterfaceOrientations_iPad = "UIInterfaceOrientationPortrait UIInterfaceOrientationPortraitUpsideDown UIInterfaceOrientationLandscapeLeft UIInterfaceOrientationLandscapeRight";
				INFOPLIST_KEY_UISupportedInterfaceOrientations_iPhone = "UIInterfaceOrientationPortrait UIInterfaceOrientationLandscapeLeft UIInterfaceOrientationLandscapeRight";
				LD_RUNPATH_SEARCH_PATHS = (
					"$(inherited)",
					"@executable_path/Frameworks",
				);
				MARKETING_VERSION = 1.0;
				PRODUCT_BUNDLE_IDENTIFIER = "com.MoriKatsu.Kadai.MomoKatsu-Kadai-19";
				PRODUCT_NAME = "$(TARGET_NAME)";
				SWIFT_EMIT_LOC_STRINGS = YES;
				SWIFT_VERSION = 5.0;
				TARGETED_DEVICE_FAMILY = "1,2";
			};
			name = Release;
		};
/* End XCBuildConfiguration section */

/* Begin XCConfigurationList section */
		1A83CF7F2A6ABF52002BDADB /* Build configuration list for PBXProject "MomoKatsu_Kadai-19" */ = {
			isa = XCConfigurationList;
			buildConfigurations = (
				1A83CF962A6ABF54002BDADB /* Debug */,
				1A83CF972A6ABF54002BDADB /* Release */,
			);
			defaultConfigurationIsVisible = 0;
			defaultConfigurationName = Release;
		};
		1A83CF982A6ABF54002BDADB /* Build configuration list for PBXNativeTarget "MomoKatsu_Kadai-19" */ = {
			isa = XCConfigurationList;
			buildConfigurations = (
				1A83CF992A6ABF54002BDADB /* Debug */,
				1A83CF9A2A6ABF54002BDADB /* Release */,
			);
			defaultConfigurationIsVisible = 0;
			defaultConfigurationName = Release;
		};
/* End XCConfigurationList section */
	};
	rootObject = 1A83CF7C2A6ABF52002BDADB /* Project object */;
}
